
Microsoft Visual Studio Solution File, Format Version 12.00
# Visual Studio Version 16
VisualStudioVersion = 16.0.29911.84
MinimumVisualStudioVersion = 10.0.40219.1
Project("{9A19103F-16F7-4668-BE54-9A1E7A4F7556}") = "Fred", "Fred\Fred.csproj", "{D90A180D-2028-4437-80E6-D1A54AC4DA0E}"
EndProject
Project("{FAE04EC0-301F-11D3-BF4B-00C04F79EFBC}") = "Fred.Tests", "Fred.Tests\Fred.Tests.csproj", "{3FCFEBEA-632C-4881-8082-9F6BD83DCCF8}"
EndProject
Project("{2150E333-8FDC-42A3-9474-1A3956D46DE8}") = "Solution Items", "Solution Items", "{A835E8C1-FD9C-42B4-8008-08D53148D2EF}"
	ProjectSection(SolutionItems) = preProject
		README.md = README.md
	EndProjectSection
EndProject
Project("{2150E333-8FDC-42A3-9474-1A3956D46DE8}") = "old_src", "old_src", "{87A62D54-FC6E-4992-8AA8-2935162D6BB6}"
	ProjectSection(SolutionItems) = preProject
		old_src\Abstract_Grid.cc = old_src\Abstract_Grid.cc
		old_src\Abstract_Grid.h = old_src\Abstract_Grid.h
		old_src\Abstract_Patch.cc = old_src\Abstract_Patch.cc
		old_src\Abstract_Patch.h = old_src\Abstract_Patch.h
		old_src\Activities.cc = old_src\Activities.cc
		old_src\Activities.h = old_src\Activities.h
		old_src\Age_Map.cc = old_src\Age_Map.cc
		old_src\Age_Map.h = old_src\Age_Map.h
		old_src\Antiviral.cc = old_src\Antiviral.cc
		old_src\Antiviral.h = old_src\Antiviral.h
		old_src\Antivirals.cc = old_src\Antivirals.cc
		old_src\Antivirals.h = old_src\Antivirals.h
		old_src\AV_Decisions.cc = old_src\AV_Decisions.cc
		old_src\AV_Decisions.h = old_src\AV_Decisions.h
		old_src\AV_Health.cc = old_src\AV_Health.cc
		old_src\AV_Health.h = old_src\AV_Health.h
		old_src\AV_Manager.cc = old_src\AV_Manager.cc
		old_src\AV_Manager.h = old_src\AV_Manager.h
		old_src\AV_Policies.cc = old_src\AV_Policies.cc
		old_src\AV_Policies.h = old_src\AV_Policies.h
		old_src\Behavior.cc = old_src\Behavior.cc
		old_src\Behavior.h = old_src\Behavior.h
		old_src\Bloque.h = old_src\Bloque.h
		old_src\Classroom.cc = old_src\Classroom.cc
		old_src\Classroom.h = old_src\Classroom.h
		old_src\Compression.cc = old_src\Compression.cc
		old_src\Compression.h = old_src\Compression.h
		old_src\County.cc = old_src\County.cc
		old_src\County.h = old_src\County.h
		old_src\Date.cc = old_src\Date.cc
		old_src\Date.h = old_src\Date.h
		old_src\Decision.cc = old_src\Decision.cc
		old_src\Decision.h = old_src\Decision.h
		old_src\Demographics.cc = old_src\Demographics.cc
		old_src\Demographics.h = old_src\Demographics.h
		old_src\Disease.cc = old_src\Disease.cc
		old_src\Disease.h = old_src\Disease.h
		old_src\Disease_List.cc = old_src\Disease_List.cc
		old_src\Disease_List.h = old_src\Disease_List.h
		old_src\Epidemic.cc = old_src\Epidemic.cc
		old_src\Epidemic.h = old_src\Epidemic.h
		old_src\Events.cc = old_src\Events.cc
		old_src\Events.h = old_src\Events.h
		old_src\Evolution.cc = old_src\Evolution.cc
		old_src\Evolution.h = old_src\Evolution.h
		old_src\EvolutionFactory.cc = old_src\EvolutionFactory.cc
		old_src\EvolutionFactory.h = old_src\EvolutionFactory.h
		old_src\FixedIntraHost.cc = old_src\FixedIntraHost.cc
		old_src\FixedIntraHost.h = old_src\FixedIntraHost.h
		old_src\Fred.cc = old_src\Fred.cc
		old_src\Fred.h = old_src\Fred.h
		old_src\fsz.cc = old_src\fsz.cc
		old_src\Geo.cc = old_src\Geo.cc
		old_src\Geo.h = old_src\Geo.h
		old_src\Global.cc = old_src\Global.cc
		old_src\Global.h = old_src\Global.h
		old_src\Health.cc = old_src\Health.cc
		old_src\Health.h = old_src\Health.h
		old_src\HIV_Epidemic.cc = old_src\HIV_Epidemic.cc
		old_src\HIV_Epidemic.h = old_src\HIV_Epidemic.h
		old_src\HIV_Infection.cc = old_src\HIV_Infection.cc
		old_src\HIV_Infection.h = old_src\HIV_Infection.h
		old_src\HIV_Natural_History.cc = old_src\HIV_Natural_History.cc
		old_src\HIV_Natural_History.h = old_src\HIV_Natural_History.h
		old_src\Hospital.cc = old_src\Hospital.cc
		old_src\Hospital.h = old_src\Hospital.h
		old_src\Household.cc = old_src\Household.cc
		old_src\Household.h = old_src\Household.h
		old_src\Infection.cc = old_src\Infection.cc
		old_src\Infection.h = old_src\Infection.h
		old_src\Intention.cc = old_src\Intention.cc
		old_src\Intention.h = old_src\Intention.h
		old_src\LOG1 = old_src\LOG1
		old_src\Makefile = old_src\Makefile
		old_src\Manager.cc = old_src\Manager.cc
		old_src\Manager.h = old_src\Manager.h
		old_src\Markov_Epidemic.cc = old_src\Markov_Epidemic.cc
		old_src\Markov_Epidemic.h = old_src\Markov_Epidemic.h
		old_src\Markov_Infection.cc = old_src\Markov_Infection.cc
		old_src\Markov_Infection.h = old_src\Markov_Infection.h
		old_src\Markov_Model.cc = old_src\Markov_Model.cc
		old_src\Markov_Model.h = old_src\Markov_Model.h
		old_src\Markov_Natural_History.cc = old_src\Markov_Natural_History.cc
		old_src\Markov_Natural_History.h = old_src\Markov_Natural_History.h
		old_src\Mixing_Group.cc = old_src\Mixing_Group.cc
		old_src\Mixing_Group.h = old_src\Mixing_Group.h
		old_src\MSEvolution.cc = old_src\MSEvolution.cc
		old_src\MSEvolution.h = old_src\MSEvolution.h
		old_src\Natural_History.cc = old_src\Natural_History.cc
		old_src\Natural_History.h = old_src\Natural_History.h
		old_src\Neighborhood.cc = old_src\Neighborhood.cc
		old_src\Neighborhood.h = old_src\Neighborhood.h
		old_src\Neighborhood_Layer.cc = old_src\Neighborhood_Layer.cc
		old_src\Neighborhood_Layer.h = old_src\Neighborhood_Layer.h
		old_src\Neighborhood_Patch.cc = old_src\Neighborhood_Patch.cc
		old_src\Neighborhood_Patch.h = old_src\Neighborhood_Patch.h
		old_src\Network.cc = old_src\Network.cc
		old_src\Network.h = old_src\Network.h
		old_src\ODE.cc = old_src\ODE.cc
		old_src\ODE.h = old_src\ODE.h
		old_src\ODEIntraHost.cc = old_src\ODEIntraHost.cc
		old_src\ODEIntraHost.h = old_src\ODEIntraHost.h
		old_src\Office.cc = old_src\Office.cc
		old_src\Office.h = old_src\Office.h
		old_src\Params.cc = old_src\Params.cc
		old_src\Params.h = old_src\Params.h
		old_src\Past_Infection.cc = old_src\Past_Infection.cc
		old_src\Past_Infection.h = old_src\Past_Infection.h
		old_src\Perceptions.cc = old_src\Perceptions.cc
		old_src\Perceptions.h = old_src\Perceptions.h
		old_src\Person.cc = old_src\Person.cc
		old_src\Person.h = old_src\Person.h
		old_src\Person_Network_Link.cc = old_src\Person_Network_Link.cc
		old_src\Person_Network_Link.h = old_src\Person_Network_Link.h
		old_src\Person_Place_Link.cc = old_src\Person_Place_Link.cc
		old_src\Person_Place_Link.h = old_src\Person_Place_Link.h
		old_src\Piecewise_Linear.cc = old_src\Piecewise_Linear.cc
		old_src\Piecewise_Linear.h = old_src\Piecewise_Linear.h
		old_src\Place.cc = old_src\Place.cc
		old_src\Place.h = old_src\Place.h
		old_src\Place_List.cc = old_src\Place_List.cc
		old_src\Place_List.h = old_src\Place_List.h
		old_src\Place_List_Quality_Control.cc = old_src\Place_List_Quality_Control.cc
		old_src\Policy.cc = old_src\Policy.cc
		old_src\Policy.h = old_src\Policy.h
		old_src\Population.cc = old_src\Population.cc
		old_src\Population.h = old_src\Population.h
		old_src\Random.cc = old_src\Random.cc
		old_src\Random.h = old_src\Random.h
		old_src\README_Timestep_Maps = old_src\README_Timestep_Maps
		old_src\Regional_Layer.cc = old_src\Regional_Layer.cc
		old_src\Regional_Layer.h = old_src\Regional_Layer.h
		old_src\Regional_Patch.cc = old_src\Regional_Patch.cc
		old_src\Regional_Patch.h = old_src\Regional_Patch.h
		old_src\Respiratory_Transmission.cc = old_src\Respiratory_Transmission.cc
		old_src\Respiratory_Transmission.h = old_src\Respiratory_Transmission.h
		old_src\RSAIntraHost.cc = old_src\RSAIntraHost.cc
		old_src\RSAIntraHost.h = old_src\RSAIntraHost.h
		old_src\School.cc = old_src\School.cc
		old_src\School.h = old_src\School.h
		old_src\Seasonality.cc = old_src\Seasonality.cc
		old_src\Seasonality.h = old_src\Seasonality.h
		old_src\Seasonality_Timestep_Map.cc = old_src\Seasonality_Timestep_Map.cc
		old_src\Seasonality_Timestep_Map.h = old_src\Seasonality_Timestep_Map.h
		old_src\Sexual_Transmission.cc = old_src\Sexual_Transmission.cc
		old_src\Sexual_Transmission.h = old_src\Sexual_Transmission.h
		old_src\Sexual_Transmission_Network.cc = old_src\Sexual_Transmission_Network.cc
		old_src\Sexual_Transmission_Network.h = old_src\Sexual_Transmission_Network.h
		old_src\State.h = old_src\State.h
		old_src\Strain.cc = old_src\Strain.cc
		old_src\Strain.h = old_src\Strain.h
		old_src\StrainTable.cc = old_src\StrainTable.cc
		old_src\StrainTable.h = old_src\StrainTable.h
		old_src\Timestep_Map.cc = old_src\Timestep_Map.cc
		old_src\Timestep_Map.h = old_src\Timestep_Map.h
		old_src\Tracker.h = old_src\Tracker.h
		old_src\Trajectory.cc = old_src\Trajectory.cc
		old_src\Trajectory.h = old_src\Trajectory.h
		old_src\Transmission.cc = old_src\Transmission.cc
		old_src\Transmission.h = old_src\Transmission.h
		old_src\Travel.cc = old_src\Travel.cc
		old_src\Travel.h = old_src\Travel.h
		old_src\Utils.cc = old_src\Utils.cc
		old_src\Utils.h = old_src\Utils.h
		old_src\Vaccine.cc = old_src\Vaccine.cc
		old_src\Vaccine.h = old_src\Vaccine.h
		old_src\Vaccine_Dose.cc = old_src\Vaccine_Dose.cc
		old_src\Vaccine_Dose.h = old_src\Vaccine_Dose.h
		old_src\Vaccine_Health.cc = old_src\Vaccine_Health.cc
		old_src\Vaccine_Health.h = old_src\Vaccine_Health.h
		old_src\Vaccine_Manager.cc = old_src\Vaccine_Manager.cc
		old_src\Vaccine_Manager.h = old_src\Vaccine_Manager.h
		old_src\Vaccine_Priority_Decisions.cc = old_src\Vaccine_Priority_Decisions.cc
		old_src\Vaccine_Priority_Decisions.h = old_src\Vaccine_Priority_Decisions.h
		old_src\Vaccine_Priority_Policies.cc = old_src\Vaccine_Priority_Policies.cc
		old_src\Vaccine_Priority_Policies.h = old_src\Vaccine_Priority_Policies.h
		old_src\Vaccines.cc = old_src\Vaccines.cc
		old_src\Vaccines.h = old_src\Vaccines.h
		old_src\Vector_Layer.cc = old_src\Vector_Layer.cc
		old_src\Vector_Layer.h = old_src\Vector_Layer.h
		old_src\Vector_Patch.cc = old_src\Vector_Patch.cc
		old_src\Vector_Patch.h = old_src\Vector_Patch.h
		old_src\Vector_Transmission.cc = old_src\Vector_Transmission.cc
		old_src\Vector_Transmission.h = old_src\Vector_Transmission.h
		old_src\Visualization_Layer.cc = old_src\Visualization_Layer.cc
		old_src\Visualization_Layer.h = old_src\Visualization_Layer.h
		old_src\Visualization_Patch.cc = old_src\Visualization_Patch.cc
		old_src\Visualization_Patch.h = old_src\Visualization_Patch.h
		old_src\Workplace.cc = old_src\Workplace.cc
		old_src\Workplace.h = old_src\Workplace.h
	EndProjectSection
EndProject
Global
	GlobalSection(SolutionConfigurationPlatforms) = preSolution
		Debug|Any CPU = Debug|Any CPU
		Release|Any CPU = Release|Any CPU
	EndGlobalSection
	GlobalSection(ProjectConfigurationPlatforms) = postSolution
		{D90A180D-2028-4437-80E6-D1A54AC4DA0E}.Debug|Any CPU.ActiveCfg = Debug|Any CPU
		{D90A180D-2028-4437-80E6-D1A54AC4DA0E}.Debug|Any CPU.Build.0 = Debug|Any CPU
		{D90A180D-2028-4437-80E6-D1A54AC4DA0E}.Release|Any CPU.ActiveCfg = Release|Any CPU
		{D90A180D-2028-4437-80E6-D1A54AC4DA0E}.Release|Any CPU.Build.0 = Release|Any CPU
		{3FCFEBEA-632C-4881-8082-9F6BD83DCCF8}.Debug|Any CPU.ActiveCfg = Debug|Any CPU
		{3FCFEBEA-632C-4881-8082-9F6BD83DCCF8}.Debug|Any CPU.Build.0 = Debug|Any CPU
		{3FCFEBEA-632C-4881-8082-9F6BD83DCCF8}.Release|Any CPU.ActiveCfg = Release|Any CPU
		{3FCFEBEA-632C-4881-8082-9F6BD83DCCF8}.Release|Any CPU.Build.0 = Release|Any CPU
	EndGlobalSection
	GlobalSection(SolutionProperties) = preSolution
		HideSolutionNode = FALSE
	EndGlobalSection
	GlobalSection(NestedProjects) = preSolution
		{87A62D54-FC6E-4992-8AA8-2935162D6BB6} = {A835E8C1-FD9C-42B4-8008-08D53148D2EF}
	EndGlobalSection
	GlobalSection(ExtensibilityGlobals) = postSolution
		SolutionGuid = {21F76132-58C9-43B6-B1FF-D4A00818DF24}
	EndGlobalSection
EndGlobal
